
Microsoft Visual Studio Solution File, Format Version 12.00
# Visual Studio Version 17
VisualStudioVersion = 17.8.34309.116
MinimumVisualStudioVersion = 10.0.40219.1
Project("{FAE04EC0-301F-11D3-BF4B-00C04F79EFBC}") = "StupidTemplate", "StupidTemplate.csproj", "{0E1A7B60-2A46-47C6-847A-D6BDD6594116}"
EndProject
Global
	GlobalSection(SolutionConfigurationPlatforms) = preSolution
		Debug|Any CPU = Debug|Any CPU
		Release|Any CPU = Release|Any CPU
	EndGlobalSection
	GlobalSection(ProjectConfigurationPlatforms) = postSolution
		{0E1A7B60-2A46-47C6-847A-D6BDD6594116}.Debug|Any CPU.ActiveCfg = Debug|Any CPU
		{0E1A7B60-2A46-47C6-847A-D6BDD6594116}.Debug|Any CPU.Build.0 = Debug|Any CPU
		{0E1A7B60-2A46-47C6-847A-D6BDD6594116}.Release|Any CPU.ActiveCfg = Release|Any CPU
		{0E1A7B60-2A46-47C6-847A-D6BDD6594116}.Release|Any CPU.Build.0 = Release|Any CPU
	EndGlobalSection
	GlobalSection(SolutionProperties) = preSolution
		HideSolutionNode = FALSE
	EndGlobalSection
	GlobalSection(ExtensibilityGlobals) = postSolution
		SolutionGuid = {947169CE-1B39-4D88-8A47-35F6A20ECF01}
	EndGlobalSection
EndGlobal
